
Microsoft Visual Studio Solution File, Format Version 12.00
# Visual Studio Version 17
VisualStudioVersion = 17.7.34202.233
MinimumVisualStudioVersion = 10.0.40219.1
Project("{FAE04EC0-301F-11D3-BF4B-00C04F79EFBC}") = "FitSHARK1", "FitSHARK1\FitSHARK1.csproj", "{998C97E8-5200-4EAB-889F-66D495EF3FAE}"
EndProject
Global
	GlobalSection(SolutionConfigurationPlatforms) = preSolution
		Debug|Any CPU = Debug|Any CPU
		Release|Any CPU = Release|Any CPU
	EndGlobalSection
	GlobalSection(ProjectConfigurationPlatforms) = postSolution
		{998C97E8-5200-4EAB-889F-66D495EF3FAE}.Debug|Any CPU.ActiveCfg = Debug|Any CPU
		{998C97E8-5200-4EAB-889F-66D495EF3FAE}.Debug|Any CPU.Build.0 = Debug|Any CPU
		{998C97E8-5200-4EAB-889F-66D495EF3FAE}.Release|Any CPU.ActiveCfg = Release|Any CPU
		{998C97E8-5200-4EAB-889F-66D495EF3FAE}.Release|Any CPU.Build.0 = Release|Any CPU
	EndGlobalSection
	GlobalSection(SolutionProperties) = preSolution
		HideSolutionNode = FALSE
	EndGlobalSection
	GlobalSection(ExtensibilityGlobals) = postSolution
		SolutionGuid = {D405BE70-AB8B-4AA9-9BA3-A14F1D5782D6}
	EndGlobalSection
EndGlobal
